
Microsoft Visual Studio Solution File, Format Version 12.00
# Visual Studio Version 17
VisualStudioVersion = 17.0.32112.339
MinimumVisualStudioVersion = 10.0.40219.1
Project("{FAE04EC0-301F-11D3-BF4B-00C04F79EFBC}") = "Passion", "Passion\Passion.csproj", "{ACE85B34-3022-47EA-A915-7EBDD77CC91C}"
EndProject
Global
	GlobalSection(SolutionConfigurationPlatforms) = preSolution
		Debug|Any CPU = Debug|Any CPU
		Release|Any CPU = Release|Any CPU
	EndGlobalSection
	GlobalSection(ProjectConfigurationPlatforms) = postSolution
		{ACE85B34-3022-47EA-A915-7EBDD77CC91C}.Debug|Any CPU.ActiveCfg = Debug|Any CPU
		{ACE85B34-3022-47EA-A915-7EBDD77CC91C}.Debug|Any CPU.Build.0 = Debug|Any CPU
		{ACE85B34-3022-47EA-A915-7EBDD77CC91C}.Release|Any CPU.ActiveCfg = Release|Any CPU
		{ACE85B34-3022-47EA-A915-7EBDD77CC91C}.Release|Any CPU.Build.0 = Release|Any CPU
	EndGlobalSection
	GlobalSection(SolutionProperties) = preSolution
		HideSolutionNode = FALSE
	EndGlobalSection
	GlobalSection(ExtensibilityGlobals) = postSolution
		SolutionGuid = {5F7D156C-F250-442F-8059-2DA21C0B7DC9}
	EndGlobalSection
EndGlobal
